
Microsoft Visual Studio Solution File, Format Version 12.00
# Visual Studio Version 16
VisualStudioVersion = 16.0.29306.81
MinimumVisualStudioVersion = 10.0.40219.1
Project("{FAE04EC0-301F-11D3-BF4B-00C04F79EFBC}") = "TaskDemo", "TaskDemo\TaskDemo.csproj", "{55073393-E445-4153-9536-267C7223F7C7}"
EndProject
Global
	GlobalSection(SolutionConfigurationPlatforms) = preSolution
		Debug|Any CPU = Debug|Any CPU
		Release|Any CPU = Release|Any CPU
	EndGlobalSection
	GlobalSection(ProjectConfigurationPlatforms) = postSolution
		{55073393-E445-4153-9536-267C7223F7C7}.Debug|Any CPU.ActiveCfg = Debug|Any CPU
		{55073393-E445-4153-9536-267C7223F7C7}.Debug|Any CPU.Build.0 = Debug|Any CPU
		{55073393-E445-4153-9536-267C7223F7C7}.Release|Any CPU.ActiveCfg = Release|Any CPU
		{55073393-E445-4153-9536-267C7223F7C7}.Release|Any CPU.Build.0 = Release|Any CPU
	EndGlobalSection
	GlobalSection(SolutionProperties) = preSolution
		HideSolutionNode = FALSE
	EndGlobalSection
	GlobalSection(ExtensibilityGlobals) = postSolution
		SolutionGuid = {2F629F21-FE21-4037-BBCF-CF541A2F300E}
	EndGlobalSection
EndGlobal
